
Microsoft Visual Studio Solution File, Format Version 12.00
# Visual Studio Version 17
VisualStudioVersion = 17.5.33516.290
MinimumVisualStudioVersion = 10.0.40219.1
Project("{9A19103F-16F7-4668-BE54-9A1E7A4F7556}") = "SquareCalculator", "SquareCalculator.csproj", "{535289F0-6FF3-4FA5-AFCE-97C0BEC9618C}"
EndProject
Project("{9A19103F-16F7-4668-BE54-9A1E7A4F7556}") = "SquareCalculator.Tests", "..\SquareCalculator.Tests\SquareCalculator.Tests.csproj", "{5D722427-A2D5-4458-A68E-71A049A94E25}"
EndProject
Global
	GlobalSection(SolutionConfigurationPlatforms) = preSolution
		Debug|Any CPU = Debug|Any CPU
		Release|Any CPU = Release|Any CPU
	EndGlobalSection
	GlobalSection(ProjectConfigurationPlatforms) = postSolution
		{535289F0-6FF3-4FA5-AFCE-97C0BEC9618C}.Debug|Any CPU.ActiveCfg = Debug|Any CPU
		{535289F0-6FF3-4FA5-AFCE-97C0BEC9618C}.Debug|Any CPU.Build.0 = Debug|Any CPU
		{535289F0-6FF3-4FA5-AFCE-97C0BEC9618C}.Release|Any CPU.ActiveCfg = Release|Any CPU
		{535289F0-6FF3-4FA5-AFCE-97C0BEC9618C}.Release|Any CPU.Build.0 = Release|Any CPU
		{5D722427-A2D5-4458-A68E-71A049A94E25}.Debug|Any CPU.ActiveCfg = Debug|Any CPU
		{5D722427-A2D5-4458-A68E-71A049A94E25}.Debug|Any CPU.Build.0 = Debug|Any CPU
		{5D722427-A2D5-4458-A68E-71A049A94E25}.Release|Any CPU.ActiveCfg = Release|Any CPU
		{5D722427-A2D5-4458-A68E-71A049A94E25}.Release|Any CPU.Build.0 = Release|Any CPU
	EndGlobalSection
	GlobalSection(SolutionProperties) = preSolution
		HideSolutionNode = FALSE
	EndGlobalSection
	GlobalSection(ExtensibilityGlobals) = postSolution
		SolutionGuid = {67880E0E-438B-4D2E-8941-651C2033D71B}
	EndGlobalSection
EndGlobal
